{
  "name": "bouboucle",
  "version": "1.0.0",
  "lockfileVersion": 2,
  "requires": true,
  "packages": {
    "": {
      "name": "bouboucle",
      "version": "1.0.0",
      "license": "UNLICENSED",
      "workspaces": [
        "packages/looper",
        "packages/looper-ui"
      ]
    },
    "node_modules/gifshot": {
      "version": "0.4.5",
      "resolved": "https://registry.npmjs.org/gifshot/-/gifshot-0.4.5.tgz",
      "integrity": "sha1-48tXAgOjsTn/MGnXV4CYopwDsPg="
    },
    "node_modules/looper": {
      "resolved": "packages/looper",
      "link": true
    },
    "node_modules/looper-ui": {
      "resolved": "packages/looper-ui",
      "link": true
    },
    "node_modules/paper": {
      "version": "0.12.15",
      "resolved": "https://registry.npmjs.org/paper/-/paper-0.12.15.tgz",
      "integrity": "sha512-9qqtcY+V0Sd2RTLZKh7rTfWDbhfitOrtq3kzgOufhGpuYpCUXM+3UIK61au14tI0F9NA4xSttDYfk376O50aPA==",
      "engines": {
        "node": ">=8.0.0"
      }
    },
    "packages/looper": {
      "version": "1.0.0",
      "license": "UNLICENSED",
      "dependencies": {
        "gifshot": "^0.4.5",
        "paper": "^0.12.15"
      }
    },
    "packages/looper-ui": {
      "version": "1.0.0",
      "license": "UNLICENSED",
      "dependencies": {
        "looper": "file:packages/looper"
      }
    },
    "packages/looper-ui/node_modules/looper": {
      "resolved": "packages/looper-ui/packages/looper",
      "link": true
    },
    "packages/looper-ui/packages/looper": {}
  },
  "dependencies": {
    "gifshot": {
      "version": "0.4.5",
      "resolved": "https://registry.npmjs.org/gifshot/-/gifshot-0.4.5.tgz",
      "integrity": "sha1-48tXAgOjsTn/MGnXV4CYopwDsPg="
    },
    "looper": {
      "version": "file:packages/looper",
      "requires": {
        "gifshot": "*",
        "paper": "^0.12.15"
      }
    },
    "looper-ui": {
      "version": "file:packages/looper-ui",
      "requires": {
        "looper": "file:packages/looper"
      },
      "dependencies": {
        "looper": {
          "version": "file:packages/looper-ui/packages/looper"
        }
      }
    },
    "paper": {
      "version": "0.12.15",
      "resolved": "https://registry.npmjs.org/paper/-/paper-0.12.15.tgz",
      "integrity": "sha512-9qqtcY+V0Sd2RTLZKh7rTfWDbhfitOrtq3kzgOufhGpuYpCUXM+3UIK61au14tI0F9NA4xSttDYfk376O50aPA=="
    }
  }
}
