{
  "name": "bouboucle",
  "version": "1.0.2",
  "lockfileVersion": 2,
  "requires": true,
  "packages": {
    "": {
      "name": "bouboucle",
      "version": "1.0.2",
      "license": "UNLICENSED",
      "workspaces": [
        "packages/looper",
        "packages/looper-ui"
      ]
    },
    "node_modules/@andreaskundig/looper": {
      "resolved": "packages/looper",
      "link": true
    },
    "node_modules/@andreaskundig/looper-ui": {
      "resolved": "packages/looper-ui",
      "link": true
    },
    "node_modules/gifshot": {
      "version": "0.4.5",
      "resolved": "https://registry.npmjs.org/gifshot/-/gifshot-0.4.5.tgz",
      "integrity": "sha1-48tXAgOjsTn/MGnXV4CYopwDsPg="
    },
    "node_modules/paper": {
      "version": "0.12.15",
      "resolved": "https://registry.npmjs.org/paper/-/paper-0.12.15.tgz",
      "integrity": "sha512-9qqtcY+V0Sd2RTLZKh7rTfWDbhfitOrtq3kzgOufhGpuYpCUXM+3UIK61au14tI0F9NA4xSttDYfk376O50aPA==",
      "engines": {
        "node": ">=8.0.0"
      }
    },
    "packages/looper": {
      "name": "@andreaskundig/looper",
      "version": "1.0.3",
      "license": "UNLICENSED",
      "dependencies": {
        "gifshot": "^0.4.5",
        "paper": "^0.12.15"
      }
    },
    "packages/looper-ui": {
      "name": "@andreaskundig/looper-ui",
      "version": "1.0.0",
      "license": "UNLICENSED",
      "dependencies": {
        "@andreaskundig/looper": "github:andreaskundig/looper"
      }
    },
    "packages/looper-ui/@andreaskundig/looper": {
      "extraneous": true
    },
    "packages/looper-ui/node_modules/@andreaskundig/looper": {
      "version": "1.0.3",
      "resolved": "git+ssh://git@github.com/andreaskundig/looper.git#088337483c75b2f5fbf7f96d40d5ed7374f7b323",
      "license": "UNLICENSED",
      "dependencies": {
        "gifshot": "^0.4.5",
        "paper": "^0.12.15"
      }
    },
    "packages/looper-ui/packages/looper": {
      "extraneous": true
    }
  },
  "dependencies": {
    "@andreaskundig/looper": {
      "version": "file:packages/looper",
      "requires": {
        "gifshot": "^0.4.5",
        "paper": "^0.12.15"
      }
    },
    "@andreaskundig/looper-ui": {
      "version": "file:packages/looper-ui",
      "requires": {
        "@andreaskundig/looper": "git+https://github.com/andreaskundig/looper.git"
      },
      "dependencies": {
        "@andreaskundig/looper": {
          "version": "git+ssh://git@github.com/andreaskundig/looper.git#088337483c75b2f5fbf7f96d40d5ed7374f7b323",
          "from": "@andreaskundig/looper@git+https://github.com/andreaskundig/looper.git",
          "requires": {
            "gifshot": "^0.4.5",
            "paper": "^0.12.15"
          }
        }
      }
    },
    "gifshot": {
      "version": "0.4.5",
      "resolved": "https://registry.npmjs.org/gifshot/-/gifshot-0.4.5.tgz",
      "integrity": "sha1-48tXAgOjsTn/MGnXV4CYopwDsPg="
    },
    "paper": {
      "version": "0.12.15",
      "resolved": "https://registry.npmjs.org/paper/-/paper-0.12.15.tgz",
      "integrity": "sha512-9qqtcY+V0Sd2RTLZKh7rTfWDbhfitOrtq3kzgOufhGpuYpCUXM+3UIK61au14tI0F9NA4xSttDYfk376O50aPA=="
    }
  }
}
